{
  "version": 4,
  "terraform_version": "1.5.7",
  "serial": 53,
  "lineage": "cf4bb822-9669-6f5c-5971-fc7496c84a1e",
  "outputs": {},
  "resources": [
    {
      "mode": "managed",
      "type": "aws_instance",
      "name": "example",
      "provider": "provider[\"registry.terraform.io/hashicorp/aws\"]",
      "instances": [
        {
          "index_key": 0,
          "schema_version": 1,
          "attributes": {
            "ami": "ami-00beae93a2d981137",
            "arn": "arn:aws:ec2:us-east-1:474727059017:instance/i-027441a968f78a74c",
            "associate_public_ip_address": true,
            "availability_zone": "us-east-1a",
            "capacity_reservation_specification": [
              {
                "capacity_reservation_preference": "open",
                "capacity_reservation_target": []
              }
            ],
            "cpu_core_count": 1,
            "cpu_options": [
              {
                "amd_sev_snp": "",
                "core_count": 1,
                "threads_per_core": 1
              }
            ],
            "cpu_threads_per_core": 1,
            "credit_specification": [
              {
                "cpu_credits": "standard"
              }
            ],
            "disable_api_stop": false,
            "disable_api_termination": false,
            "ebs_block_device": [],
            "ebs_optimized": false,
            "enclave_options": [
              {
                "enabled": false
              }
            ],
            "ephemeral_block_device": [],
            "get_password_data": false,
            "hibernation": false,
            "host_id": "",
            "host_resource_group_arn": null,
            "iam_instance_profile": "",
            "id": "i-027441a968f78a74c",
            "instance_initiated_shutdown_behavior": "stop",
            "instance_lifecycle": "",
            "instance_market_options": [],
            "instance_state": "running",
            "instance_type": "t2.micro",
            "ipv6_address_count": 0,
            "ipv6_addresses": [],
            "key_name": "linus",
            "launch_template": [],
            "maintenance_options": [
              {
                "auto_recovery": "default"
              }
            ],
            "metadata_options": [
              {
                "http_endpoint": "enabled",
                "http_protocol_ipv6": "disabled",
                "http_put_response_hop_limit": 2,
                "http_tokens": "required",
                "instance_metadata_tags": "disabled"
              }
            ],
            "monitoring": false,
            "network_interface": [],
            "outpost_arn": "",
            "password_data": "",
            "placement_group": "",
            "placement_partition_number": 0,
            "primary_network_interface_id": "eni-0a3d888b1ff5c3bd8",
            "private_dns": "ip-172-31-37-157.ec2.internal",
            "private_dns_name_options": [
              {
                "enable_resource_name_dns_a_record": false,
                "enable_resource_name_dns_aaaa_record": false,
                "hostname_type": "ip-name"
              }
            ],
            "private_ip": "172.31.37.157",
            "public_dns": "ec2-54-172-78-6.compute-1.amazonaws.com",
            "public_ip": "54.172.78.6",
            "root_block_device": [
              {
                "delete_on_termination": true,
                "device_name": "/dev/xvda",
                "encrypted": false,
                "iops": 3000,
                "kms_key_id": "",
                "tags": {},
                "tags_all": {},
                "throughput": 125,
                "volume_id": "vol-08c91c708b40f9e10",
                "volume_size": 8,
                "volume_type": "gp3"
              }
            ],
            "secondary_private_ips": [],
            "security_groups": [
              "sg-05d05ff5f455f4faf"
            ],
            "source_dest_check": true,
            "spot_instance_request_id": "",
            "subnet_id": "subnet-0dfb4e375495f8783",
            "tags": {
              "ApplicationID": "testappid",
              "Apptype": "webserver",
              "BackupPlan": "tftest",
              "BusinessMapping": "testbusinessname",
              "CostCenter": "testcostcenter",
              "Criticality": "testtier",
              "DataClass": "testclass",
              "Name": "tftestinstance1",
              "Patch Group": "tflinux",
              "Requestor": "mailid",
              "Schedule": "Default",
              "Support": "mailid",
              "applicationname": "testappname",
              "assignmentgroup": "testgroup"
            },
            "tags_all": {
              "ApplicationID": "testappid",
              "Apptype": "webserver",
              "BackupPlan": "tftest",
              "BusinessMapping": "testbusinessname",
              "CostCenter": "testcostcenter",
              "Criticality": "testtier",
              "DataClass": "testclass",
              "Name": "tftestinstance1",
              "Patch Group": "tflinux",
              "Requestor": "mailid",
              "Schedule": "Default",
              "Support": "mailid",
              "applicationname": "testappname",
              "assignmentgroup": "testgroup"
            },
            "tenancy": "default",
            "timeouts": null,
            "user_data": "cb87563024a6008a26f23d788b9f5b3e6f841d7e",
            "user_data_base64": null,
            "user_data_replace_on_change": false,
            "volume_tags": null,
            "vpc_security_group_ids": [
              "sg-05d05ff5f455f4faf"
            ]
          },
          "sensitive_attributes": [],
          "private": "eyJlMmJmYjczMC1lY2FhLTExZTYtOGY4OC0zNDM2M2JjN2M0YzAiOnsiY3JlYXRlIjo2MDAwMDAwMDAwMDAsImRlbGV0ZSI6MTIwMDAwMDAwMDAwMCwicmVhZCI6OTAwMDAwMDAwMDAwLCJ1cGRhdGUiOjYwMDAwMDAwMDAwMH0sInNjaGVtYV92ZXJzaW9uIjoiMSJ9"
        },
        {
          "index_key": 1,
          "schema_version": 1,
          "attributes": {
            "ami": "ami-00beae93a2d981137",
            "arn": "arn:aws:ec2:us-east-1:474727059017:instance/i-03ad4b8a395f1fa04",
            "associate_public_ip_address": true,
            "availability_zone": "us-east-1a",
            "capacity_reservation_specification": [
              {
                "capacity_reservation_preference": "open",
                "capacity_reservation_target": []
              }
            ],
            "cpu_core_count": 1,
            "cpu_options": [
              {
                "amd_sev_snp": "",
                "core_count": 1,
                "threads_per_core": 1
              }
            ],
            "cpu_threads_per_core": 1,
            "credit_specification": [
              {
                "cpu_credits": "standard"
              }
            ],
            "disable_api_stop": false,
            "disable_api_termination": false,
            "ebs_block_device": [],
            "ebs_optimized": false,
            "enclave_options": [
              {
                "enabled": false
              }
            ],
            "ephemeral_block_device": [],
            "get_password_data": false,
            "hibernation": false,
            "host_id": "",
            "host_resource_group_arn": null,
            "iam_instance_profile": "",
            "id": "i-03ad4b8a395f1fa04",
            "instance_initiated_shutdown_behavior": "stop",
            "instance_lifecycle": "",
            "instance_market_options": [],
            "instance_state": "running",
            "instance_type": "t2.micro",
            "ipv6_address_count": 0,
            "ipv6_addresses": [],
            "key_name": "linus",
            "launch_template": [],
            "maintenance_options": [
              {
                "auto_recovery": "default"
              }
            ],
            "metadata_options": [
              {
                "http_endpoint": "enabled",
                "http_protocol_ipv6": "disabled",
                "http_put_response_hop_limit": 2,
                "http_tokens": "required",
                "instance_metadata_tags": "disabled"
              }
            ],
            "monitoring": false,
            "network_interface": [],
            "outpost_arn": "",
            "password_data": "",
            "placement_group": "",
            "placement_partition_number": 0,
            "primary_network_interface_id": "eni-015e5490f2ecac338",
            "private_dns": "ip-172-31-34-22.ec2.internal",
            "private_dns_name_options": [
              {
                "enable_resource_name_dns_a_record": false,
                "enable_resource_name_dns_aaaa_record": false,
                "hostname_type": "ip-name"
              }
            ],
            "private_ip": "172.31.34.22",
            "public_dns": "ec2-3-87-249-242.compute-1.amazonaws.com",
            "public_ip": "3.87.249.242",
            "root_block_device": [
              {
                "delete_on_termination": true,
                "device_name": "/dev/xvda",
                "encrypted": false,
                "iops": 3000,
                "kms_key_id": "",
                "tags": {},
                "tags_all": {},
                "throughput": 125,
                "volume_id": "vol-0633aeedecfb07841",
                "volume_size": 8,
                "volume_type": "gp3"
              }
            ],
            "secondary_private_ips": [],
            "security_groups": [
              "sg-05d05ff5f455f4faf"
            ],
            "source_dest_check": true,
            "spot_instance_request_id": "",
            "subnet_id": "subnet-0dfb4e375495f8783",
            "tags": {
              "ApplicationID": "testappid",
              "Apptype": "webserver",
              "BackupPlan": "tftest",
              "BusinessMapping": "testbusinessname",
              "CostCenter": "testcostcenter",
              "Criticality": "testtier",
              "DataClass": "testclass",
              "Name": "tftestinstance1",
              "Patch Group": "tflinux",
              "Requestor": "mailid",
              "Schedule": "Default",
              "Support": "mailid",
              "applicationname": "testappname",
              "assignmentgroup": "testgroup"
            },
            "tags_all": {
              "ApplicationID": "testappid",
              "Apptype": "webserver",
              "BackupPlan": "tftest",
              "BusinessMapping": "testbusinessname",
              "CostCenter": "testcostcenter",
              "Criticality": "testtier",
              "DataClass": "testclass",
              "Name": "tftestinstance1",
              "Patch Group": "tflinux",
              "Requestor": "mailid",
              "Schedule": "Default",
              "Support": "mailid",
              "applicationname": "testappname",
              "assignmentgroup": "testgroup"
            },
            "tenancy": "default",
            "timeouts": null,
            "user_data": "cb87563024a6008a26f23d788b9f5b3e6f841d7e",
            "user_data_base64": null,
            "user_data_replace_on_change": false,
            "volume_tags": null,
            "vpc_security_group_ids": [
              "sg-05d05ff5f455f4faf"
            ]
          },
          "sensitive_attributes": [],
          "private": "eyJlMmJmYjczMC1lY2FhLTExZTYtOGY4OC0zNDM2M2JjN2M0YzAiOnsiY3JlYXRlIjo2MDAwMDAwMDAwMDAsImRlbGV0ZSI6MTIwMDAwMDAwMDAwMCwicmVhZCI6OTAwMDAwMDAwMDAwLCJ1cGRhdGUiOjYwMDAwMDAwMDAwMH0sInNjaGVtYV92ZXJzaW9uIjoiMSJ9"
        }
      ]
    }
  ],
  "check_results": null
}
